
Microsoft Visual Studio Solution File, Format Version 12.00
# Visual Studio Version 16
VisualStudioVersion = 16.0.32413.511
MinimumVisualStudioVersion = 10.0.40219.1
Project("{FAE04EC0-301F-11D3-BF4B-00C04F79EFBC}") = "RevitAPIDuct", "RevitAPIDuct\RevitAPIDuct.csproj", "{9D581449-374A-4C6E-8CC3-75DEF6BCD61D}"
EndProject
Project("{FAE04EC0-301F-11D3-BF4B-00C04F79EFBC}") = "RevitAPITrainingLibrary", "_RevitAPITrainingLibrary\RevitAPITrainingLibrary.csproj", "{C7864CF2-8C0C-4EC9-8052-F12F1C4A016C}"
EndProject
Global
	GlobalSection(SolutionConfigurationPlatforms) = preSolution
		Debug|Any CPU = Debug|Any CPU
		Release|Any CPU = Release|Any CPU
	EndGlobalSection
	GlobalSection(ProjectConfigurationPlatforms) = postSolution
		{9D581449-374A-4C6E-8CC3-75DEF6BCD61D}.Debug|Any CPU.ActiveCfg = Debug|Any CPU
		{9D581449-374A-4C6E-8CC3-75DEF6BCD61D}.Debug|Any CPU.Build.0 = Debug|Any CPU
		{9D581449-374A-4C6E-8CC3-75DEF6BCD61D}.Release|Any CPU.ActiveCfg = Release|Any CPU
		{9D581449-374A-4C6E-8CC3-75DEF6BCD61D}.Release|Any CPU.Build.0 = Release|Any CPU
		{C7864CF2-8C0C-4EC9-8052-F12F1C4A016C}.Debug|Any CPU.ActiveCfg = Debug|Any CPU
		{C7864CF2-8C0C-4EC9-8052-F12F1C4A016C}.Debug|Any CPU.Build.0 = Debug|Any CPU
		{C7864CF2-8C0C-4EC9-8052-F12F1C4A016C}.Release|Any CPU.ActiveCfg = Release|Any CPU
		{C7864CF2-8C0C-4EC9-8052-F12F1C4A016C}.Release|Any CPU.Build.0 = Release|Any CPU
	EndGlobalSection
	GlobalSection(SolutionProperties) = preSolution
		HideSolutionNode = FALSE
	EndGlobalSection
	GlobalSection(ExtensibilityGlobals) = postSolution
		SolutionGuid = {8DC8986D-DAC9-4CDE-B98E-D84509C65B0A}
	EndGlobalSection
EndGlobal
